
Microsoft Visual Studio Solution File, Format Version 12.00
# Visual Studio Version 16
VisualStudioVersion = 16.0.31112.23
MinimumVisualStudioVersion = 10.0.40219.1
Project("{FAE04EC0-301F-11D3-BF4B-00C04F79EFBC}") = "InterfaceEx", "InterfaceEx\InterfaceEx.csproj", "{B3D9DC34-D68E-43E7-83CE-D48B3492777F}"
EndProject
Global
	GlobalSection(SolutionConfigurationPlatforms) = preSolution
		Debug|Any CPU = Debug|Any CPU
		Release|Any CPU = Release|Any CPU
	EndGlobalSection
	GlobalSection(ProjectConfigurationPlatforms) = postSolution
		{B3D9DC34-D68E-43E7-83CE-D48B3492777F}.Debug|Any CPU.ActiveCfg = Debug|Any CPU
		{B3D9DC34-D68E-43E7-83CE-D48B3492777F}.Debug|Any CPU.Build.0 = Debug|Any CPU
		{B3D9DC34-D68E-43E7-83CE-D48B3492777F}.Release|Any CPU.ActiveCfg = Release|Any CPU
		{B3D9DC34-D68E-43E7-83CE-D48B3492777F}.Release|Any CPU.Build.0 = Release|Any CPU
	EndGlobalSection
	GlobalSection(SolutionProperties) = preSolution
		HideSolutionNode = FALSE
	EndGlobalSection
	GlobalSection(ExtensibilityGlobals) = postSolution
		SolutionGuid = {5F90AA0D-2F74-4719-BEED-847C0FD44C98}
	EndGlobalSection
EndGlobal
