
Microsoft Visual Studio Solution File, Format Version 12.00
# Visual Studio Version 16
VisualStudioVersion = 16.0.31129.286
MinimumVisualStudioVersion = 10.0.40219.1
Project("{FAE04EC0-301F-11D3-BF4B-00C04F79EFBC}") = "ExParte2", "ExParte2\ExParte2.csproj", "{2D843833-B221-4C17-9D67-E114D33F820F}"
EndProject
Global
	GlobalSection(SolutionConfigurationPlatforms) = preSolution
		Debug|Any CPU = Debug|Any CPU
		Release|Any CPU = Release|Any CPU
	EndGlobalSection
	GlobalSection(ProjectConfigurationPlatforms) = postSolution
		{2D843833-B221-4C17-9D67-E114D33F820F}.Debug|Any CPU.ActiveCfg = Debug|Any CPU
		{2D843833-B221-4C17-9D67-E114D33F820F}.Debug|Any CPU.Build.0 = Debug|Any CPU
		{2D843833-B221-4C17-9D67-E114D33F820F}.Release|Any CPU.ActiveCfg = Release|Any CPU
		{2D843833-B221-4C17-9D67-E114D33F820F}.Release|Any CPU.Build.0 = Release|Any CPU
	EndGlobalSection
	GlobalSection(SolutionProperties) = preSolution
		HideSolutionNode = FALSE
	EndGlobalSection
	GlobalSection(ExtensibilityGlobals) = postSolution
		SolutionGuid = {CEF11FAC-3950-496F-ABF9-37303934A987}
	EndGlobalSection
EndGlobal
