
Microsoft Visual Studio Solution File, Format Version 12.00
# Visual Studio Version 16
VisualStudioVersion = 16.0.31112.23
MinimumVisualStudioVersion = 10.0.40219.1
Project("{FAE04EC0-301F-11D3-BF4B-00C04F79EFBC}") = "ExParte1", "ExParte1\ExParte1.csproj", "{9E5221CB-0DCB-4D70-966C-06D23544035F}"
EndProject
Global
	GlobalSection(SolutionConfigurationPlatforms) = preSolution
		Debug|Any CPU = Debug|Any CPU
		Release|Any CPU = Release|Any CPU
	EndGlobalSection
	GlobalSection(ProjectConfigurationPlatforms) = postSolution
		{9E5221CB-0DCB-4D70-966C-06D23544035F}.Debug|Any CPU.ActiveCfg = Debug|Any CPU
		{9E5221CB-0DCB-4D70-966C-06D23544035F}.Debug|Any CPU.Build.0 = Debug|Any CPU
		{9E5221CB-0DCB-4D70-966C-06D23544035F}.Release|Any CPU.ActiveCfg = Release|Any CPU
		{9E5221CB-0DCB-4D70-966C-06D23544035F}.Release|Any CPU.Build.0 = Release|Any CPU
	EndGlobalSection
	GlobalSection(SolutionProperties) = preSolution
		HideSolutionNode = FALSE
	EndGlobalSection
	GlobalSection(ExtensibilityGlobals) = postSolution
		SolutionGuid = {29066355-551A-4255-A503-B6ABA428D10B}
	EndGlobalSection
EndGlobal
