
Microsoft Visual Studio Solution File, Format Version 12.00
# Visual Studio Version 16
VisualStudioVersion = 16.0.31129.286
MinimumVisualStudioVersion = 10.0.40219.1
Project("{FAE04EC0-301F-11D3-BF4B-00C04F79EFBC}") = "Aula41", "Aula41\Aula41.csproj", "{910959DB-741E-4E08-8897-B45FE1495860}"
EndProject
Global
	GlobalSection(SolutionConfigurationPlatforms) = preSolution
		Debug|Any CPU = Debug|Any CPU
		Release|Any CPU = Release|Any CPU
	EndGlobalSection
	GlobalSection(ProjectConfigurationPlatforms) = postSolution
		{910959DB-741E-4E08-8897-B45FE1495860}.Debug|Any CPU.ActiveCfg = Debug|Any CPU
		{910959DB-741E-4E08-8897-B45FE1495860}.Debug|Any CPU.Build.0 = Debug|Any CPU
		{910959DB-741E-4E08-8897-B45FE1495860}.Release|Any CPU.ActiveCfg = Release|Any CPU
		{910959DB-741E-4E08-8897-B45FE1495860}.Release|Any CPU.Build.0 = Release|Any CPU
	EndGlobalSection
	GlobalSection(SolutionProperties) = preSolution
		HideSolutionNode = FALSE
	EndGlobalSection
	GlobalSection(ExtensibilityGlobals) = postSolution
		SolutionGuid = {B63CC5DD-1B28-4AA4-99FA-B5D10E26F9C8}
	EndGlobalSection
EndGlobal
